
Microsoft Visual Studio Solution File, Format Version 12.00
# Visual Studio 15
VisualStudioVersion = 15.0.27703.2042
MinimumVisualStudioVersion = 10.0.40219.1
Project("{9A19103F-16F7-4668-BE54-9A1E7A4F7556}") = "WebApp", "WebApp\WebApp.csproj", "{B3B62658-9B9B-414E-B1EC-AA670E603FD0}"
EndProject
Project("{9A19103F-16F7-4668-BE54-9A1E7A4F7556}") = "Logic", "Logic\Logic.csproj", "{A29B28EB-006F-420C-9661-B1702BA7C83C}"
EndProject
Project("{9A19103F-16F7-4668-BE54-9A1E7A4F7556}") = "Storage", "Storage\Storage.csproj", "{340352AD-59B5-4FA8-B282-B06C0F65EC5D}"
EndProject
Project("{9A19103F-16F7-4668-BE54-9A1E7A4F7556}") = "UTests", "UTests\UTests.csproj", "{E34C3E98-41E8-4923-BDFF-5CE2924B010B}"
EndProject
Project("{FAE04EC0-301F-11D3-BF4B-00C04F79EFBC}") = "Utils", "Utils\Utils.csproj", "{D6BF4396-727F-48D1-9EB3-A415BB9CD8FC}"
EndProject
Global
	GlobalSection(SolutionConfigurationPlatforms) = preSolution
		Debug|Any CPU = Debug|Any CPU
		Release|Any CPU = Release|Any CPU
	EndGlobalSection
	GlobalSection(ProjectConfigurationPlatforms) = postSolution
		{B3B62658-9B9B-414E-B1EC-AA670E603FD0}.Debug|Any CPU.ActiveCfg = Debug|Any CPU
		{B3B62658-9B9B-414E-B1EC-AA670E603FD0}.Debug|Any CPU.Build.0 = Debug|Any CPU
		{B3B62658-9B9B-414E-B1EC-AA670E603FD0}.Release|Any CPU.ActiveCfg = Release|Any CPU
		{B3B62658-9B9B-414E-B1EC-AA670E603FD0}.Release|Any CPU.Build.0 = Release|Any CPU
		{A29B28EB-006F-420C-9661-B1702BA7C83C}.Debug|Any CPU.ActiveCfg = Debug|Any CPU
		{A29B28EB-006F-420C-9661-B1702BA7C83C}.Debug|Any CPU.Build.0 = Debug|Any CPU
		{A29B28EB-006F-420C-9661-B1702BA7C83C}.Release|Any CPU.ActiveCfg = Release|Any CPU
		{A29B28EB-006F-420C-9661-B1702BA7C83C}.Release|Any CPU.Build.0 = Release|Any CPU
		{340352AD-59B5-4FA8-B282-B06C0F65EC5D}.Debug|Any CPU.ActiveCfg = Debug|Any CPU
		{340352AD-59B5-4FA8-B282-B06C0F65EC5D}.Debug|Any CPU.Build.0 = Debug|Any CPU
		{340352AD-59B5-4FA8-B282-B06C0F65EC5D}.Release|Any CPU.ActiveCfg = Release|Any CPU
		{340352AD-59B5-4FA8-B282-B06C0F65EC5D}.Release|Any CPU.Build.0 = Release|Any CPU
		{E34C3E98-41E8-4923-BDFF-5CE2924B010B}.Debug|Any CPU.ActiveCfg = Debug|Any CPU
		{E34C3E98-41E8-4923-BDFF-5CE2924B010B}.Debug|Any CPU.Build.0 = Debug|Any CPU
		{E34C3E98-41E8-4923-BDFF-5CE2924B010B}.Release|Any CPU.ActiveCfg = Release|Any CPU
		{E34C3E98-41E8-4923-BDFF-5CE2924B010B}.Release|Any CPU.Build.0 = Release|Any CPU
		{D6BF4396-727F-48D1-9EB3-A415BB9CD8FC}.Debug|Any CPU.ActiveCfg = Debug|Any CPU
		{D6BF4396-727F-48D1-9EB3-A415BB9CD8FC}.Debug|Any CPU.Build.0 = Debug|Any CPU
		{D6BF4396-727F-48D1-9EB3-A415BB9CD8FC}.Release|Any CPU.ActiveCfg = Release|Any CPU
		{D6BF4396-727F-48D1-9EB3-A415BB9CD8FC}.Release|Any CPU.Build.0 = Release|Any CPU
	EndGlobalSection
	GlobalSection(SolutionProperties) = preSolution
		HideSolutionNode = FALSE
	EndGlobalSection
	GlobalSection(ExtensibilityGlobals) = postSolution
		SolutionGuid = {5CF7AE50-7C75-48D0-8D58-E6A12F3B106B}
	EndGlobalSection
EndGlobal
